// !$*UTF8*$!
{
	archiveVersion = 1;
	classes = {
	};
	objectVersion = 51;
	objects = {

/* Begin PBXBuildFile section */
		0B36FE266841A31626C88756 /* Pods_NewsViper_NewsViperUITests.framework in Frameworks */ = {isa = PBXBuildFile; fileRef = D90B91E8A22AEDC37FF64AA9 /* Pods_NewsViper_NewsViperUITests.framework */; };
		0CD610C5787630B9BD57DCE5 /* Pods_NewsViperTests.framework in Frameworks */ = {isa = PBXBuildFile; fileRef = 14E55184CBBEBB3F76C65FB7 /* Pods_NewsViperTests.framework */; };
		9F23E4CB3E281513E3E4F15D /* Pods_NewsViper.framework in Frameworks */ = {isa = PBXBuildFile; fileRef = C0B200B211C9BE648B374EA9 /* Pods_NewsViper.framework */; };
		A01BA0A623E2855A0037A8D4 /* ArticleDetailsView.swift in Sources */ = {isa = PBXBuildFile; fileRef = A01BA0A523E2855A0037A8D4 /* ArticleDetailsView.swift */; };
		A03B13A623DBFEB5001F25F7 /* AppDelegate.swift in Sources */ = {isa = PBXBuildFile; fileRef = A03B13A523DBFEB5001F25F7 /* AppDelegate.swift */; };
		A03B13A823DBFEB5001F25F7 /* SceneDelegate.swift in Sources */ = {isa = PBXBuildFile; fileRef = A03B13A723DBFEB5001F25F7 /* SceneDelegate.swift */; };
		A03B13AF23DBFEB7001F25F7 /* Assets.xcassets in Resources */ = {isa = PBXBuildFile; fileRef = A03B13AE23DBFEB7001F25F7 /* Assets.xcassets */; };
		A03B13B223DBFEB7001F25F7 /* LaunchScreen.storyboard in Resources */ = {isa = PBXBuildFile; fileRef = A03B13B023DBFEB7001F25F7 /* LaunchScreen.storyboard */; };
		A03B13BD23DBFEB7001F25F7 /* NewsViperTests.swift in Sources */ = {isa = PBXBuildFile; fileRef = A03B13BC23DBFEB7001F25F7 /* NewsViperTests.swift */; };
		A03B13C823DBFEB7001F25F7 /* NewsViperUITests.swift in Sources */ = {isa = PBXBuildFile; fileRef = A03B13C723DBFEB7001F25F7 /* NewsViperUITests.swift */; };
		A03B13D623DC0049001F25F7 /* AppDependencies.swift in Sources */ = {isa = PBXBuildFile; fileRef = A03B13D523DC0049001F25F7 /* AppDependencies.swift */; };
		A03B13DB23DC00E8001F25F7 /* RootRouter.swift in Sources */ = {isa = PBXBuildFile; fileRef = A03B13DA23DC00E8001F25F7 /* RootRouter.swift */; };
		A03B13DD23DC0175001F25F7 /* TabBarProtocol.swift in Sources */ = {isa = PBXBuildFile; fileRef = A03B13DC23DC0175001F25F7 /* TabBarProtocol.swift */; };
		A03B13E523DC0349001F25F7 /* TabBarRouter.swift in Sources */ = {isa = PBXBuildFile; fileRef = A03B13E423DC0349001F25F7 /* TabBarRouter.swift */; };
		A03B13E723DC0410001F25F7 /* TabBarInteractor.swift in Sources */ = {isa = PBXBuildFile; fileRef = A03B13E623DC0410001F25F7 /* TabBarInteractor.swift */; };
		A03B13E923DC048C001F25F7 /* TabBarView.swift in Sources */ = {isa = PBXBuildFile; fileRef = A03B13E823DC048C001F25F7 /* TabBarView.swift */; };
		A03B13EB23DC059E001F25F7 /* TabBarPresenter.swift in Sources */ = {isa = PBXBuildFile; fileRef = A03B13EA23DC059E001F25F7 /* TabBarPresenter.swift */; };
		A03B13EF23DC0D9F001F25F7 /* Main.storyboard in Resources */ = {isa = PBXBuildFile; fileRef = A03B13EE23DC0D9F001F25F7 /* Main.storyboard */; };
		A03B13F823DC0F1A001F25F7 /* TopHeadlinesRouter.swift in Sources */ = {isa = PBXBuildFile; fileRef = A03B13F723DC0F1A001F25F7 /* TopHeadlinesRouter.swift */; };
		A03B13FA23DC1020001F25F7 /* TopHeadlinesPresenter.swift in Sources */ = {isa = PBXBuildFile; fileRef = A03B13F923DC1020001F25F7 /* TopHeadlinesPresenter.swift */; };
		A03B13FC23DC106A001F25F7 /* TopHeadlinesView.swift in Sources */ = {isa = PBXBuildFile; fileRef = A03B13FB23DC106A001F25F7 /* TopHeadlinesView.swift */; };
		A03B13FE23DC1100001F25F7 /* TopHeadlinesInteractor.swift in Sources */ = {isa = PBXBuildFile; fileRef = A03B13FD23DC1100001F25F7 /* TopHeadlinesInteractor.swift */; };
		A03B140623DC16C7001F25F7 /* NewsSearchView.swift in Sources */ = {isa = PBXBuildFile; fileRef = A03B140523DC16C7001F25F7 /* NewsSearchView.swift */; };
		A03B140823DC170E001F25F7 /* NewsSearchPresenter.swift in Sources */ = {isa = PBXBuildFile; fileRef = A03B140723DC170E001F25F7 /* NewsSearchPresenter.swift */; };
		A03B140A23DC173D001F25F7 /* NewsSearchInteractor.swift in Sources */ = {isa = PBXBuildFile; fileRef = A03B140923DC173D001F25F7 /* NewsSearchInteractor.swift */; };
		A03B140C23DC176D001F25F7 /* NewsSearchRouter.swift in Sources */ = {isa = PBXBuildFile; fileRef = A03B140B23DC176D001F25F7 /* NewsSearchRouter.swift */; };
		A03B140E23DC1F64001F25F7 /* Article.swift in Sources */ = {isa = PBXBuildFile; fileRef = A03B140D23DC1F64001F25F7 /* Article.swift */; };
		A03B141023DC213A001F25F7 /* ArticleCell.swift in Sources */ = {isa = PBXBuildFile; fileRef = A03B140F23DC213A001F25F7 /* ArticleCell.swift */; };
		A03B141323DC2B01001F25F7 /* NewsApi.swift in Sources */ = {isa = PBXBuildFile; fileRef = A03B141223DC2B01001F25F7 /* NewsApi.swift */; };
		A03B141523DC2BFE001F25F7 /* NewsSearchResult.swift in Sources */ = {isa = PBXBuildFile; fileRef = A03B141423DC2BFE001F25F7 /* NewsSearchResult.swift */; };
/* End PBXBuildFile section */

/* Begin PBXContainerItemProxy section */
		A03B13B923DBFEB7001F25F7 /* PBXContainerItemProxy */ = {
			isa = PBXContainerItemProxy;
			containerPortal = A03B139A23DBFEB5001F25F7 /* Project object */;
			proxyType = 1;
			remoteGlobalIDString = A03B13A123DBFEB5001F25F7;
			remoteInfo = NewsViper;
		};
		A03B13C423DBFEB7001F25F7 /* PBXContainerItemProxy */ = {
			isa = PBXContainerItemProxy;
			containerPortal = A03B139A23DBFEB5001F25F7 /* Project object */;
			proxyType = 1;
			remoteGlobalIDString = A03B13A123DBFEB5001F25F7;
			remoteInfo = NewsViper;
		};
/* End PBXContainerItemProxy section */

/* Begin PBXFileReference section */
		14E55184CBBEBB3F76C65FB7 /* Pods_NewsViperTests.framework */ = {isa = PBXFileReference; explicitFileType = wrapper.framework; includeInIndex = 0; path = Pods_NewsViperTests.framework; sourceTree = BUILT_PRODUCTS_DIR; };
		21EFC6726662D8D8446994C6 /* Pods-NewsViper.release.xcconfig */ = {isa = PBXFileReference; includeInIndex = 1; lastKnownFileType = text.xcconfig; name = "Pods-NewsViper.release.xcconfig"; path = "Target Support Files/Pods-NewsViper/Pods-NewsViper.release.xcconfig"; sourceTree = "<group>"; };
		5185573CA150AFFF1103381C /* Pods-NewsViper-NewsViperUITests.debug.xcconfig */ = {isa = PBXFileReference; includeInIndex = 1; lastKnownFileType = text.xcconfig; name = "Pods-NewsViper-NewsViperUITests.debug.xcconfig"; path = "Target Support Files/Pods-NewsViper-NewsViperUITests/Pods-NewsViper-NewsViperUITests.debug.xcconfig"; sourceTree = "<group>"; };
		59F26C3EB63254A580B73A41 /* Pods-NewsViper-NewsViperUITests.release.xcconfig */ = {isa = PBXFileReference; includeInIndex = 1; lastKnownFileType = text.xcconfig; name = "Pods-NewsViper-NewsViperUITests.release.xcconfig"; path = "Target Support Files/Pods-NewsViper-NewsViperUITests/Pods-NewsViper-NewsViperUITests.release.xcconfig"; sourceTree = "<group>"; };
		7E0FCB933AF020109DEC4E0E /* Pods-NewsViper.debug.xcconfig */ = {isa = PBXFileReference; includeInIndex = 1; lastKnownFileType = text.xcconfig; name = "Pods-NewsViper.debug.xcconfig"; path = "Target Support Files/Pods-NewsViper/Pods-NewsViper.debug.xcconfig"; sourceTree = "<group>"; };
		A01BA0A523E2855A0037A8D4 /* ArticleDetailsView.swift */ = {isa = PBXFileReference; lastKnownFileType = sourcecode.swift; path = ArticleDetailsView.swift; sourceTree = "<group>"; };
		A03B13A223DBFEB5001F25F7 /* NewsViper.app */ = {isa = PBXFileReference; explicitFileType = wrapper.application; includeInIndex = 0; path = NewsViper.app; sourceTree = BUILT_PRODUCTS_DIR; };
		A03B13A523DBFEB5001F25F7 /* AppDelegate.swift */ = {isa = PBXFileReference; lastKnownFileType = sourcecode.swift; path = AppDelegate.swift; sourceTree = "<group>"; };
		A03B13A723DBFEB5001F25F7 /* SceneDelegate.swift */ = {isa = PBXFileReference; lastKnownFileType = sourcecode.swift; path = SceneDelegate.swift; sourceTree = "<group>"; };
		A03B13AE23DBFEB7001F25F7 /* Assets.xcassets */ = {isa = PBXFileReference; lastKnownFileType = folder.assetcatalog; path = Assets.xcassets; sourceTree = "<group>"; };
		A03B13B123DBFEB7001F25F7 /* Base */ = {isa = PBXFileReference; lastKnownFileType = file.storyboard; name = Base; path = Base.lproj/LaunchScreen.storyboard; sourceTree = "<group>"; };
		A03B13B323DBFEB7001F25F7 /* Info.plist */ = {isa = PBXFileReference; lastKnownFileType = text.plist.xml; path = Info.plist; sourceTree = "<group>"; };
		A03B13B823DBFEB7001F25F7 /* NewsViperTests.xctest */ = {isa = PBXFileReference; explicitFileType = wrapper.cfbundle; includeInIndex = 0; path = NewsViperTests.xctest; sourceTree = BUILT_PRODUCTS_DIR; };
		A03B13BC23DBFEB7001F25F7 /* NewsViperTests.swift */ = {isa = PBXFileReference; lastKnownFileType = sourcecode.swift; path = NewsViperTests.swift; sourceTree = "<group>"; };
		A03B13BE23DBFEB7001F25F7 /* Info.plist */ = {isa = PBXFileReference; lastKnownFileType = text.plist.xml; path = Info.plist; sourceTree = "<group>"; };
		A03B13C323DBFEB7001F25F7 /* NewsViperUITests.xctest */ = {isa = PBXFileReference; explicitFileType = wrapper.cfbundle; includeInIndex = 0; path = NewsViperUITests.xctest; sourceTree = BUILT_PRODUCTS_DIR; };
		A03B13C723DBFEB7001F25F7 /* NewsViperUITests.swift */ = {isa = PBXFileReference; lastKnownFileType = sourcecode.swift; path = NewsViperUITests.swift; sourceTree = "<group>"; };
		A03B13C923DBFEB7001F25F7 /* Info.plist */ = {isa = PBXFileReference; lastKnownFileType = text.plist.xml; path = Info.plist; sourceTree = "<group>"; };
		A03B13D523DC0049001F25F7 /* AppDependencies.swift */ = {isa = PBXFileReference; lastKnownFileType = sourcecode.swift; path = AppDependencies.swift; sourceTree = "<group>"; };
		A03B13DA23DC00E8001F25F7 /* RootRouter.swift */ = {isa = PBXFileReference; lastKnownFileType = sourcecode.swift; path = RootRouter.swift; sourceTree = "<group>"; };
		A03B13DC23DC0175001F25F7 /* TabBarProtocol.swift */ = {isa = PBXFileReference; lastKnownFileType = sourcecode.swift; path = TabBarProtocol.swift; sourceTree = "<group>"; };
		A03B13E423DC0349001F25F7 /* TabBarRouter.swift */ = {isa = PBXFileReference; lastKnownFileType = sourcecode.swift; path = TabBarRouter.swift; sourceTree = "<group>"; };
		A03B13E623DC0410001F25F7 /* TabBarInteractor.swift */ = {isa = PBXFileReference; lastKnownFileType = sourcecode.swift; path = TabBarInteractor.swift; sourceTree = "<group>"; };
		A03B13E823DC048C001F25F7 /* TabBarView.swift */ = {isa = PBXFileReference; lastKnownFileType = sourcecode.swift; path = TabBarView.swift; sourceTree = "<group>"; };
		A03B13EA23DC059E001F25F7 /* TabBarPresenter.swift */ = {isa = PBXFileReference; lastKnownFileType = sourcecode.swift; path = TabBarPresenter.swift; sourceTree = "<group>"; };
		A03B13EE23DC0D9F001F25F7 /* Main.storyboard */ = {isa = PBXFileReference; fileEncoding = 4; lastKnownFileType = file.storyboard; path = Main.storyboard; sourceTree = "<group>"; };
		A03B13F723DC0F1A001F25F7 /* TopHeadlinesRouter.swift */ = {isa = PBXFileReference; lastKnownFileType = sourcecode.swift; path = TopHeadlinesRouter.swift; sourceTree = "<group>"; };
		A03B13F923DC1020001F25F7 /* TopHeadlinesPresenter.swift */ = {isa = PBXFileReference; lastKnownFileType = sourcecode.swift; path = TopHeadlinesPresenter.swift; sourceTree = "<group>"; };
		A03B13FB23DC106A001F25F7 /* TopHeadlinesView.swift */ = {isa = PBXFileReference; lastKnownFileType = sourcecode.swift; path = TopHeadlinesView.swift; sourceTree = "<group>"; };
		A03B13FD23DC1100001F25F7 /* TopHeadlinesInteractor.swift */ = {isa = PBXFileReference; lastKnownFileType = sourcecode.swift; path = TopHeadlinesInteractor.swift; sourceTree = "<group>"; };
		A03B140523DC16C7001F25F7 /* NewsSearchView.swift */ = {isa = PBXFileReference; lastKnownFileType = sourcecode.swift; path = NewsSearchView.swift; sourceTree = "<group>"; };
		A03B140723DC170E001F25F7 /* NewsSearchPresenter.swift */ = {isa = PBXFileReference; lastKnownFileType = sourcecode.swift; path = NewsSearchPresenter.swift; sourceTree = "<group>"; };
		A03B140923DC173D001F25F7 /* NewsSearchInteractor.swift */ = {isa = PBXFileReference; lastKnownFileType = sourcecode.swift; path = NewsSearchInteractor.swift; sourceTree = "<group>"; };
		A03B140B23DC176D001F25F7 /* NewsSearchRouter.swift */ = {isa = PBXFileReference; lastKnownFileType = sourcecode.swift; path = NewsSearchRouter.swift; sourceTree = "<group>"; };
		A03B140D23DC1F64001F25F7 /* Article.swift */ = {isa = PBXFileReference; lastKnownFileType = sourcecode.swift; path = Article.swift; sourceTree = "<group>"; };
		A03B140F23DC213A001F25F7 /* ArticleCell.swift */ = {isa = PBXFileReference; lastKnownFileType = sourcecode.swift; path = ArticleCell.swift; sourceTree = "<group>"; };
		A03B141223DC2B01001F25F7 /* NewsApi.swift */ = {isa = PBXFileReference; lastKnownFileType = sourcecode.swift; path = NewsApi.swift; sourceTree = "<group>"; };
		A03B141423DC2BFE001F25F7 /* NewsSearchResult.swift */ = {isa = PBXFileReference; lastKnownFileType = sourcecode.swift; path = NewsSearchResult.swift; sourceTree = "<group>"; };
		C0B200B211C9BE648B374EA9 /* Pods_NewsViper.framework */ = {isa = PBXFileReference; explicitFileType = wrapper.framework; includeInIndex = 0; path = Pods_NewsViper.framework; sourceTree = BUILT_PRODUCTS_DIR; };
		D90B91E8A22AEDC37FF64AA9 /* Pods_NewsViper_NewsViperUITests.framework */ = {isa = PBXFileReference; explicitFileType = wrapper.framework; includeInIndex = 0; path = Pods_NewsViper_NewsViperUITests.framework; sourceTree = BUILT_PRODUCTS_DIR; };
		EB2E258AB3C1F086A205A8C3 /* Pods-NewsViperTests.debug.xcconfig */ = {isa = PBXFileReference; includeInIndex = 1; lastKnownFileType = text.xcconfig; name = "Pods-NewsViperTests.debug.xcconfig"; path = "Target Support Files/Pods-NewsViperTests/Pods-NewsViperTests.debug.xcconfig"; sourceTree = "<group>"; };
		F81E55E8FF59C68BAC5B9FCE /* Pods-NewsViperTests.release.xcconfig */ = {isa = PBXFileReference; includeInIndex = 1; lastKnownFileType = text.xcconfig; name = "Pods-NewsViperTests.release.xcconfig"; path = "Target Support Files/Pods-NewsViperTests/Pods-NewsViperTests.release.xcconfig"; sourceTree = "<group>"; };
/* End PBXFileReference section */

/* Begin PBXFrameworksBuildPhase section */
		A03B139F23DBFEB5001F25F7 /* Frameworks */ = {
			isa = PBXFrameworksBuildPhase;
			buildActionMask = 2147483647;
			files = (
				9F23E4CB3E281513E3E4F15D /* Pods_NewsViper.framework in Frameworks */,
			);
			runOnlyForDeploymentPostprocessing = 0;
		};
		A03B13B523DBFEB7001F25F7 /* Frameworks */ = {
			isa = PBXFrameworksBuildPhase;
			buildActionMask = 2147483647;
			files = (
				0CD610C5787630B9BD57DCE5 /* Pods_NewsViperTests.framework in Frameworks */,
			);
			runOnlyForDeploymentPostprocessing = 0;
		};
		A03B13C023DBFEB7001F25F7 /* Frameworks */ = {
			isa = PBXFrameworksBuildPhase;
			buildActionMask = 2147483647;
			files = (
				0B36FE266841A31626C88756 /* Pods_NewsViper_NewsViperUITests.framework in Frameworks */,
			);
			runOnlyForDeploymentPostprocessing = 0;
		};
/* End PBXFrameworksBuildPhase section */

/* Begin PBXGroup section */
		A01BA0A423E2851D0037A8D4 /* View */ = {
			isa = PBXGroup;
			children = (
				A03B140F23DC213A001F25F7 /* ArticleCell.swift */,
				A01BA0A523E2855A0037A8D4 /* ArticleDetailsView.swift */,
			);
			path = View;
			sourceTree = "<group>";
		};
		A03B139923DBFEB5001F25F7 = {
			isa = PBXGroup;
			children = (
				A03B13A423DBFEB5001F25F7 /* NewsViper */,
				A03B13BB23DBFEB7001F25F7 /* NewsViperTests */,
				A03B13C623DBFEB7001F25F7 /* NewsViperUITests */,
				A03B13A323DBFEB5001F25F7 /* Products */,
				A32C76C37BB2467AF1F4B037 /* Pods */,
				B60CC96A358DBE0B6E32FB51 /* Frameworks */,
			);
			sourceTree = "<group>";
		};
		A03B13A323DBFEB5001F25F7 /* Products */ = {
			isa = PBXGroup;
			children = (
				A03B13A223DBFEB5001F25F7 /* NewsViper.app */,
				A03B13B823DBFEB7001F25F7 /* NewsViperTests.xctest */,
				A03B13C323DBFEB7001F25F7 /* NewsViperUITests.xctest */,
			);
			name = Products;
			sourceTree = "<group>";
		};
		A03B13A423DBFEB5001F25F7 /* NewsViper */ = {
			isa = PBXGroup;
			children = (
				A03B13D723DC0089001F25F7 /* Modules */,
				A03B13A523DBFEB5001F25F7 /* AppDelegate.swift */,
				A03B13A723DBFEB5001F25F7 /* SceneDelegate.swift */,
				A03B13AE23DBFEB7001F25F7 /* Assets.xcassets */,
				A03B13EE23DC0D9F001F25F7 /* Main.storyboard */,
				A03B13B023DBFEB7001F25F7 /* LaunchScreen.storyboard */,
				A03B13B323DBFEB7001F25F7 /* Info.plist */,
				A03B13D523DC0049001F25F7 /* AppDependencies.swift */,
			);
			path = NewsViper;
			sourceTree = "<group>";
		};
		A03B13BB23DBFEB7001F25F7 /* NewsViperTests */ = {
			isa = PBXGroup;
			children = (
				A03B13BC23DBFEB7001F25F7 /* NewsViperTests.swift */,
				A03B13BE23DBFEB7001F25F7 /* Info.plist */,
			);
			path = NewsViperTests;
			sourceTree = "<group>";
		};
		A03B13C623DBFEB7001F25F7 /* NewsViperUITests */ = {
			isa = PBXGroup;
			children = (
				A03B13C723DBFEB7001F25F7 /* NewsViperUITests.swift */,
				A03B13C923DBFEB7001F25F7 /* Info.plist */,
			);
			path = NewsViperUITests;
			sourceTree = "<group>";
		};
		A03B13D723DC0089001F25F7 /* Modules */ = {
			isa = PBXGroup;
			children = (
				A03B13FF23DC1658001F25F7 /* NewsSearch */,
				A03B13F023DC0E7D001F25F7 /* TopHeadlines */,
				A03B13DE23DC025D001F25F7 /* TabBar */,
				A03B13D823DC00B0001F25F7 /* Common */,
			);
			path = Modules;
			sourceTree = "<group>";
		};
		A03B13D823DC00B0001F25F7 /* Common */ = {
			isa = PBXGroup;
			children = (
				A01BA0A423E2851D0037A8D4 /* View */,
				A03B141123DC2AEA001F25F7 /* Util */,
				A03B13F623DC0EDD001F25F7 /* Entity */,
				A03B13D923DC00B7001F25F7 /* Router */,
			);
			path = Common;
			sourceTree = "<group>";
		};
		A03B13D923DC00B7001F25F7 /* Router */ = {
			isa = PBXGroup;
			children = (
				A03B13DA23DC00E8001F25F7 /* RootRouter.swift */,
			);
			path = Router;
			sourceTree = "<group>";
		};
		A03B13DE23DC025D001F25F7 /* TabBar */ = {
			isa = PBXGroup;
			children = (
				A03B13E323DC0298001F25F7 /* Router */,
				A03B13E223DC028E001F25F7 /* View */,
				A03B13E023DC0279001F25F7 /* Presenter */,
				A03B13DF23DC0270001F25F7 /* Interactor */,
			);
			path = TabBar;
			sourceTree = "<group>";
		};
		A03B13DF23DC0270001F25F7 /* Interactor */ = {
			isa = PBXGroup;
			children = (
				A03B13E623DC0410001F25F7 /* TabBarInteractor.swift */,
			);
			path = Interactor;
			sourceTree = "<group>";
		};
		A03B13E023DC0279001F25F7 /* Presenter */ = {
			isa = PBXGroup;
			children = (
				A03B13EA23DC059E001F25F7 /* TabBarPresenter.swift */,
			);
			path = Presenter;
			sourceTree = "<group>";
		};
		A03B13E223DC028E001F25F7 /* View */ = {
			isa = PBXGroup;
			children = (
				A03B13DC23DC0175001F25F7 /* TabBarProtocol.swift */,
				A03B13E823DC048C001F25F7 /* TabBarView.swift */,
			);
			path = View;
			sourceTree = "<group>";
		};
		A03B13E323DC0298001F25F7 /* Router */ = {
			isa = PBXGroup;
			children = (
				A03B13E423DC0349001F25F7 /* TabBarRouter.swift */,
			);
			path = Router;
			sourceTree = "<group>";
		};
		A03B13F023DC0E7D001F25F7 /* TopHeadlines */ = {
			isa = PBXGroup;
			children = (
				A03B13F423DC0EB3001F25F7 /* Interactor */,
				A03B13F323DC0EAC001F25F7 /* Presenter */,
				A03B13F223DC0EA4001F25F7 /* View */,
				A03B13F123DC0E9C001F25F7 /* Router */,
			);
			path = TopHeadlines;
			sourceTree = "<group>";
		};
		A03B13F123DC0E9C001F25F7 /* Router */ = {
			isa = PBXGroup;
			children = (
				A03B13F723DC0F1A001F25F7 /* TopHeadlinesRouter.swift */,
			);
			path = Router;
			sourceTree = "<group>";
		};
		A03B13F223DC0EA4001F25F7 /* View */ = {
			isa = PBXGroup;
			children = (
				A03B13FB23DC106A001F25F7 /* TopHeadlinesView.swift */,
			);
			path = View;
			sourceTree = "<group>";
		};
		A03B13F323DC0EAC001F25F7 /* Presenter */ = {
			isa = PBXGroup;
			children = (
				A03B13F923DC1020001F25F7 /* TopHeadlinesPresenter.swift */,
			);
			path = Presenter;
			sourceTree = "<group>";
		};
		A03B13F423DC0EB3001F25F7 /* Interactor */ = {
			isa = PBXGroup;
			children = (
				A03B13FD23DC1100001F25F7 /* TopHeadlinesInteractor.swift */,
			);
			path = Interactor;
			sourceTree = "<group>";
		};
		A03B13F623DC0EDD001F25F7 /* Entity */ = {
			isa = PBXGroup;
			children = (
				A03B140D23DC1F64001F25F7 /* Article.swift */,
			);
			path = Entity;
			sourceTree = "<group>";
		};
		A03B13FF23DC1658001F25F7 /* NewsSearch */ = {
			isa = PBXGroup;
			children = (
				A03B140423DC16A2001F25F7 /* Router */,
				A03B140323DC168C001F25F7 /* View */,
				A03B140223DC1681001F25F7 /* Presenter */,
				A03B140123DC1679001F25F7 /* Interactor */,
			);
			path = NewsSearch;
			sourceTree = "<group>";
		};
		A03B140123DC1679001F25F7 /* Interactor */ = {
			isa = PBXGroup;
			children = (
				A03B140923DC173D001F25F7 /* NewsSearchInteractor.swift */,
			);
			path = Interactor;
			sourceTree = "<group>";
		};
		A03B140223DC1681001F25F7 /* Presenter */ = {
			isa = PBXGroup;
			children = (
				A03B140723DC170E001F25F7 /* NewsSearchPresenter.swift */,
			);
			path = Presenter;
			sourceTree = "<group>";
		};
		A03B140323DC168C001F25F7 /* View */ = {
			isa = PBXGroup;
			children = (
				A03B140523DC16C7001F25F7 /* NewsSearchView.swift */,
			);
			path = View;
			sourceTree = "<group>";
		};
		A03B140423DC16A2001F25F7 /* Router */ = {
			isa = PBXGroup;
			children = (
				A03B140B23DC176D001F25F7 /* NewsSearchRouter.swift */,
			);
			path = Router;
			sourceTree = "<group>";
		};
		A03B141123DC2AEA001F25F7 /* Util */ = {
			isa = PBXGroup;
			children = (
				A03B141223DC2B01001F25F7 /* NewsApi.swift */,
				A03B141423DC2BFE001F25F7 /* NewsSearchResult.swift */,
			);
			path = Util;
			sourceTree = "<group>";
		};
		A32C76C37BB2467AF1F4B037 /* Pods */ = {
			isa = PBXGroup;
			children = (
				7E0FCB933AF020109DEC4E0E /* Pods-NewsViper.debug.xcconfig */,
				21EFC6726662D8D8446994C6 /* Pods-NewsViper.release.xcconfig */,
				5185573CA150AFFF1103381C /* Pods-NewsViper-NewsViperUITests.debug.xcconfig */,
				59F26C3EB63254A580B73A41 /* Pods-NewsViper-NewsViperUITests.release.xcconfig */,
				EB2E258AB3C1F086A205A8C3 /* Pods-NewsViperTests.debug.xcconfig */,
				F81E55E8FF59C68BAC5B9FCE /* Pods-NewsViperTests.release.xcconfig */,
			);
			path = Pods;
			sourceTree = "<group>";
		};
		B60CC96A358DBE0B6E32FB51 /* Frameworks */ = {
			isa = PBXGroup;
			children = (
				C0B200B211C9BE648B374EA9 /* Pods_NewsViper.framework */,
				D90B91E8A22AEDC37FF64AA9 /* Pods_NewsViper_NewsViperUITests.framework */,
				14E55184CBBEBB3F76C65FB7 /* Pods_NewsViperTests.framework */,
			);
			name = Frameworks;
			sourceTree = "<group>";
		};
/* End PBXGroup section */

/* Begin PBXNativeTarget section */
		A03B13A123DBFEB5001F25F7 /* NewsViper */ = {
			isa = PBXNativeTarget;
			buildConfigurationList = A03B13CC23DBFEB7001F25F7 /* Build configuration list for PBXNativeTarget "NewsViper" */;
			buildPhases = (
				C3F8EE8BE2B60A05E361B09D /* [CP] Check Pods Manifest.lock */,
				A03B139E23DBFEB5001F25F7 /* Sources */,
				A03B139F23DBFEB5001F25F7 /* Frameworks */,
				A03B13A023DBFEB5001F25F7 /* Resources */,
				D80638E89B75F73E66519F72 /* [CP] Embed Pods Frameworks */,
			);
			buildRules = (
			);
			dependencies = (
			);
			name = NewsViper;
			productName = NewsViper;
			productReference = A03B13A223DBFEB5001F25F7 /* NewsViper.app */;
			productType = "com.apple.product-type.application";
		};
		A03B13B723DBFEB7001F25F7 /* NewsViperTests */ = {
			isa = PBXNativeTarget;
			buildConfigurationList = A03B13CF23DBFEB7001F25F7 /* Build configuration list for PBXNativeTarget "NewsViperTests" */;
			buildPhases = (
				2878CD14B946E8A73329D9F8 /* [CP] Check Pods Manifest.lock */,
				A03B13B423DBFEB7001F25F7 /* Sources */,
				A03B13B523DBFEB7001F25F7 /* Frameworks */,
				A03B13B623DBFEB7001F25F7 /* Resources */,
			);
			buildRules = (
			);
			dependencies = (
				A03B13BA23DBFEB7001F25F7 /* PBXTargetDependency */,
			);
			name = NewsViperTests;
			productName = NewsViperTests;
			productReference = A03B13B823DBFEB7001F25F7 /* NewsViperTests.xctest */;
			productType = "com.apple.product-type.bundle.unit-test";
		};
		A03B13C223DBFEB7001F25F7 /* NewsViperUITests */ = {
			isa = PBXNativeTarget;
			buildConfigurationList = A03B13D223DBFEB7001F25F7 /* Build configuration list for PBXNativeTarget "NewsViperUITests" */;
			buildPhases = (
				8A22F7AB1068F74D278C7524 /* [CP] Check Pods Manifest.lock */,
				A03B13BF23DBFEB7001F25F7 /* Sources */,
				A03B13C023DBFEB7001F25F7 /* Frameworks */,
				A03B13C123DBFEB7001F25F7 /* Resources */,
				2BC802DAEB39FAEF18C4549C /* [CP] Embed Pods Frameworks */,
			);
			buildRules = (
			);
			dependencies = (
				A03B13C523DBFEB7001F25F7 /* PBXTargetDependency */,
			);
			name = NewsViperUITests;
			productName = NewsViperUITests;
			productReference = A03B13C323DBFEB7001F25F7 /* NewsViperUITests.xctest */;
			productType = "com.apple.product-type.bundle.ui-testing";
		};
/* End PBXNativeTarget section */

/* Begin PBXProject section */
		A03B139A23DBFEB5001F25F7 /* Project object */ = {
			isa = PBXProject;
			attributes = {
				LastSwiftUpdateCheck = 1130;
				LastUpgradeCheck = 1130;
				ORGANIZATIONNAME = "Ziurin, Maksim";
				TargetAttributes = {
					A03B13A123DBFEB5001F25F7 = {
						CreatedOnToolsVersion = 11.3.1;
					};
					A03B13B723DBFEB7001F25F7 = {
						CreatedOnToolsVersion = 11.3.1;
						TestTargetID = A03B13A123DBFEB5001F25F7;
					};
					A03B13C223DBFEB7001F25F7 = {
						CreatedOnToolsVersion = 11.3.1;
						TestTargetID = A03B13A123DBFEB5001F25F7;
					};
				};
			};
			buildConfigurationList = A03B139D23DBFEB5001F25F7 /* Build configuration list for PBXProject "NewsViper" */;
			compatibilityVersion = "Xcode 9.3";
			developmentRegion = en;
			hasScannedForEncodings = 0;
			knownRegions = (
				en,
				Base,
			);
			mainGroup = A03B139923DBFEB5001F25F7;
			productRefGroup = A03B13A323DBFEB5001F25F7 /* Products */;
			projectDirPath = "";
			projectRoot = "";
			targets = (
				A03B13A123DBFEB5001F25F7 /* NewsViper */,
				A03B13B723DBFEB7001F25F7 /* NewsViperTests */,
				A03B13C223DBFEB7001F25F7 /* NewsViperUITests */,
			);
		};
/* End PBXProject section */

/* Begin PBXResourcesBuildPhase section */
		A03B13A023DBFEB5001F25F7 /* Resources */ = {
			isa = PBXResourcesBuildPhase;
			buildActionMask = 2147483647;
			files = (
				A03B13EF23DC0D9F001F25F7 /* Main.storyboard in Resources */,
				A03B13B223DBFEB7001F25F7 /* LaunchScreen.storyboard in Resources */,
				A03B13AF23DBFEB7001F25F7 /* Assets.xcassets in Resources */,
			);
			runOnlyForDeploymentPostprocessing = 0;
		};
		A03B13B623DBFEB7001F25F7 /* Resources */ = {
			isa = PBXResourcesBuildPhase;
			buildActionMask = 2147483647;
			files = (
			);
			runOnlyForDeploymentPostprocessing = 0;
		};
		A03B13C123DBFEB7001F25F7 /* Resources */ = {
			isa = PBXResourcesBuildPhase;
			buildActionMask = 2147483647;
			files = (
			);
			runOnlyForDeploymentPostprocessing = 0;
		};
/* End PBXResourcesBuildPhase section */

/* Begin PBXShellScriptBuildPhase section */
		2878CD14B946E8A73329D9F8 /* [CP] Check Pods Manifest.lock */ = {
			isa = PBXShellScriptBuildPhase;
			buildActionMask = 2147483647;
			files = (
			);
			inputFileListPaths = (
			);
			inputPaths = (
				"${PODS_PODFILE_DIR_PATH}/Podfile.lock",
				"${PODS_ROOT}/Manifest.lock",
			);
			name = "[CP] Check Pods Manifest.lock";
			outputFileListPaths = (
			);
			outputPaths = (
				"$(DERIVED_FILE_DIR)/Pods-NewsViperTests-checkManifestLockResult.txt",
			);
			runOnlyForDeploymentPostprocessing = 0;
			shellPath = /bin/sh;
			shellScript = "diff \"${PODS_PODFILE_DIR_PATH}/Podfile.lock\" \"${PODS_ROOT}/Manifest.lock\" > /dev/null\nif [ $? != 0 ] ; then\n    # print error to STDERR\n    echo \"error: The sandbox is not in sync with the Podfile.lock. Run 'pod install' or update your CocoaPods installation.\" >&2\n    exit 1\nfi\n# This output is used by Xcode 'outputs' to avoid re-running this script phase.\necho \"SUCCESS\" > \"${SCRIPT_OUTPUT_FILE_0}\"\n";
			showEnvVarsInLog = 0;
		};
		2BC802DAEB39FAEF18C4549C /* [CP] Embed Pods Frameworks */ = {
			isa = PBXShellScriptBuildPhase;
			buildActionMask = 2147483647;
			files = (
			);
			inputFileListPaths = (
				"${PODS_ROOT}/Target Support Files/Pods-NewsViper-NewsViperUITests/Pods-NewsViper-NewsViperUITests-frameworks-${CONFIGURATION}-input-files.xcfilelist",
			);
			name = "[CP] Embed Pods Frameworks";
			outputFileListPaths = (
				"${PODS_ROOT}/Target Support Files/Pods-NewsViper-NewsViperUITests/Pods-NewsViper-NewsViperUITests-frameworks-${CONFIGURATION}-output-files.xcfilelist",
			);
			runOnlyForDeploymentPostprocessing = 0;
			shellPath = /bin/sh;
			shellScript = "\"${PODS_ROOT}/Target Support Files/Pods-NewsViper-NewsViperUITests/Pods-NewsViper-NewsViperUITests-frameworks.sh\"\n";
			showEnvVarsInLog = 0;
		};
		8A22F7AB1068F74D278C7524 /* [CP] Check Pods Manifest.lock */ = {
			isa = PBXShellScriptBuildPhase;
			buildActionMask = 2147483647;
			files = (
			);
			inputFileListPaths = (
			);
			inputPaths = (
				"${PODS_PODFILE_DIR_PATH}/Podfile.lock",
				"${PODS_ROOT}/Manifest.lock",
			);
			name = "[CP] Check Pods Manifest.lock";
			outputFileListPaths = (
			);
			outputPaths = (
				"$(DERIVED_FILE_DIR)/Pods-NewsViper-NewsViperUITests-checkManifestLockResult.txt",
			);
			runOnlyForDeploymentPostprocessing = 0;
			shellPath = /bin/sh;
			shellScript = "diff \"${PODS_PODFILE_DIR_PATH}/Podfile.lock\" \"${PODS_ROOT}/Manifest.lock\" > /dev/null\nif [ $? != 0 ] ; then\n    # print error to STDERR\n    echo \"error: The sandbox is not in sync with the Podfile.lock. Run 'pod install' or update your CocoaPods installation.\" >&2\n    exit 1\nfi\n# This output is used by Xcode 'outputs' to avoid re-running this script phase.\necho \"SUCCESS\" > \"${SCRIPT_OUTPUT_FILE_0}\"\n";
			showEnvVarsInLog = 0;
		};
		C3F8EE8BE2B60A05E361B09D /* [CP] Check Pods Manifest.lock */ = {
			isa = PBXShellScriptBuildPhase;
			buildActionMask = 2147483647;
			files = (
			);
			inputFileListPaths = (
			);
			inputPaths = (
				"${PODS_PODFILE_DIR_PATH}/Podfile.lock",
				"${PODS_ROOT}/Manifest.lock",
			);
			name = "[CP] Check Pods Manifest.lock";
			outputFileListPaths = (
			);
			outputPaths = (
				"$(DERIVED_FILE_DIR)/Pods-NewsViper-checkManifestLockResult.txt",
			);
			runOnlyForDeploymentPostprocessing = 0;
			shellPath = /bin/sh;
			shellScript = "diff \"${PODS_PODFILE_DIR_PATH}/Podfile.lock\" \"${PODS_ROOT}/Manifest.lock\" > /dev/null\nif [ $? != 0 ] ; then\n    # print error to STDERR\n    echo \"error: The sandbox is not in sync with the Podfile.lock. Run 'pod install' or update your CocoaPods installation.\" >&2\n    exit 1\nfi\n# This output is used by Xcode 'outputs' to avoid re-running this script phase.\necho \"SUCCESS\" > \"${SCRIPT_OUTPUT_FILE_0}\"\n";
			showEnvVarsInLog = 0;
		};
		D80638E89B75F73E66519F72 /* [CP] Embed Pods Frameworks */ = {
			isa = PBXShellScriptBuildPhase;
			buildActionMask = 2147483647;
			files = (
			);
			inputFileListPaths = (
				"${PODS_ROOT}/Target Support Files/Pods-NewsViper/Pods-NewsViper-frameworks-${CONFIGURATION}-input-files.xcfilelist",
			);
			name = "[CP] Embed Pods Frameworks";
			outputFileListPaths = (
				"${PODS_ROOT}/Target Support Files/Pods-NewsViper/Pods-NewsViper-frameworks-${CONFIGURATION}-output-files.xcfilelist",
			);
			runOnlyForDeploymentPostprocessing = 0;
			shellPath = /bin/sh;
			shellScript = "\"${PODS_ROOT}/Target Support Files/Pods-NewsViper/Pods-NewsViper-frameworks.sh\"\n";
			showEnvVarsInLog = 0;
		};
/* End PBXShellScriptBuildPhase section */

/* Begin PBXSourcesBuildPhase section */
		A03B139E23DBFEB5001F25F7 /* Sources */ = {
			isa = PBXSourcesBuildPhase;
			buildActionMask = 2147483647;
			files = (
				A03B13EB23DC059E001F25F7 /* TabBarPresenter.swift in Sources */,
				A03B13E723DC0410001F25F7 /* TabBarInteractor.swift in Sources */,
				A03B140E23DC1F64001F25F7 /* Article.swift in Sources */,
				A03B13FA23DC1020001F25F7 /* TopHeadlinesPresenter.swift in Sources */,
				A03B140C23DC176D001F25F7 /* NewsSearchRouter.swift in Sources */,
				A03B140A23DC173D001F25F7 /* NewsSearchInteractor.swift in Sources */,
				A03B13E923DC048C001F25F7 /* TabBarView.swift in Sources */,
				A03B13FC23DC106A001F25F7 /* TopHeadlinesView.swift in Sources */,
				A03B13DB23DC00E8001F25F7 /* RootRouter.swift in Sources */,
				A03B13D623DC0049001F25F7 /* AppDependencies.swift in Sources */,
				A03B13FE23DC1100001F25F7 /* TopHeadlinesInteractor.swift in Sources */,
				A03B141523DC2BFE001F25F7 /* NewsSearchResult.swift in Sources */,
				A03B141323DC2B01001F25F7 /* NewsApi.swift in Sources */,
				A03B13A623DBFEB5001F25F7 /* AppDelegate.swift in Sources */,
				A03B13DD23DC0175001F25F7 /* TabBarProtocol.swift in Sources */,
				A03B140823DC170E001F25F7 /* NewsSearchPresenter.swift in Sources */,
				A03B13E523DC0349001F25F7 /* TabBarRouter.swift in Sources */,
				A03B140623DC16C7001F25F7 /* NewsSearchView.swift in Sources */,
				A03B141023DC213A001F25F7 /* ArticleCell.swift in Sources */,
				A03B13F823DC0F1A001F25F7 /* TopHeadlinesRouter.swift in Sources */,
				A01BA0A623E2855A0037A8D4 /* ArticleDetailsView.swift in Sources */,
				A03B13A823DBFEB5001F25F7 /* SceneDelegate.swift in Sources */,
			);
			runOnlyForDeploymentPostprocessing = 0;
		};
		A03B13B423DBFEB7001F25F7 /* Sources */ = {
			isa = PBXSourcesBuildPhase;
			buildActionMask = 2147483647;
			files = (
				A03B13BD23DBFEB7001F25F7 /* NewsViperTests.swift in Sources */,
			);
			runOnlyForDeploymentPostprocessing = 0;
		};
		A03B13BF23DBFEB7001F25F7 /* Sources */ = {
			isa = PBXSourcesBuildPhase;
			buildActionMask = 2147483647;
			files = (
				A03B13C823DBFEB7001F25F7 /* NewsViperUITests.swift in Sources */,
			);
			runOnlyForDeploymentPostprocessing = 0;
		};
/* End PBXSourcesBuildPhase section */

/* Begin PBXTargetDependency section */
		A03B13BA23DBFEB7001F25F7 /* PBXTargetDependency */ = {
			isa = PBXTargetDependency;
			target = A03B13A123DBFEB5001F25F7 /* NewsViper */;
			targetProxy = A03B13B923DBFEB7001F25F7 /* PBXContainerItemProxy */;
		};
		A03B13C523DBFEB7001F25F7 /* PBXTargetDependency */ = {
			isa = PBXTargetDependency;
			target = A03B13A123DBFEB5001F25F7 /* NewsViper */;
			targetProxy = A03B13C423DBFEB7001F25F7 /* PBXContainerItemProxy */;
		};
/* End PBXTargetDependency section */

/* Begin PBXVariantGroup section */
		A03B13B023DBFEB7001F25F7 /* LaunchScreen.storyboard */ = {
			isa = PBXVariantGroup;
			children = (
				A03B13B123DBFEB7001F25F7 /* Base */,
			);
			name = LaunchScreen.storyboard;
			sourceTree = "<group>";
		};
/* End PBXVariantGroup section */

/* Begin XCBuildConfiguration section */
		A03B13CA23DBFEB7001F25F7 /* Debug */ = {
			isa = XCBuildConfiguration;
			buildSettings = {
				ALWAYS_SEARCH_USER_PATHS = NO;
				CLANG_ANALYZER_NONNULL = YES;
				CLANG_ANALYZER_NUMBER_OBJECT_CONVERSION = YES_AGGRESSIVE;
				CLANG_CXX_LANGUAGE_STANDARD = "gnu++14";
				CLANG_CXX_LIBRARY = "libc++";
				CLANG_ENABLE_MODULES = YES;
				CLANG_ENABLE_OBJC_ARC = YES;
				CLANG_ENABLE_OBJC_WEAK = YES;
				CLANG_WARN_BLOCK_CAPTURE_AUTORELEASING = YES;
				CLANG_WARN_BOOL_CONVERSION = YES;
				CLANG_WARN_COMMA = YES;
				CLANG_WARN_CONSTANT_CONVERSION = YES;
				CLANG_WARN_DEPRECATED_OBJC_IMPLEMENTATIONS = YES;
				CLANG_WARN_DIRECT_OBJC_ISA_USAGE = YES_ERROR;
				CLANG_WARN_DOCUMENTATION_COMMENTS = YES;
				CLANG_WARN_EMPTY_BODY = YES;
				CLANG_WARN_ENUM_CONVERSION = YES;
				CLANG_WARN_INFINITE_RECURSION = YES;
				CLANG_WARN_INT_CONVERSION = YES;
				CLANG_WARN_NON_LITERAL_NULL_CONVERSION = YES;
				CLANG_WARN_OBJC_IMPLICIT_RETAIN_SELF = YES;
				CLANG_WARN_OBJC_LITERAL_CONVERSION = YES;
				CLANG_WARN_OBJC_ROOT_CLASS = YES_ERROR;
				CLANG_WARN_RANGE_LOOP_ANALYSIS = YES;
				CLANG_WARN_STRICT_PROTOTYPES = YES;
				CLANG_WARN_SUSPICIOUS_MOVE = YES;
				CLANG_WARN_UNGUARDED_AVAILABILITY = YES_AGGRESSIVE;
				CLANG_WARN_UNREACHABLE_CODE = YES;
				CLANG_WARN__DUPLICATE_METHOD_MATCH = YES;
				COPY_PHASE_STRIP = NO;
				DEBUG_INFORMATION_FORMAT = dwarf;
				ENABLE_STRICT_OBJC_MSGSEND = YES;
				ENABLE_TESTABILITY = YES;
				GCC_C_LANGUAGE_STANDARD = gnu11;
				GCC_DYNAMIC_NO_PIC = NO;
				GCC_NO_COMMON_BLOCKS = YES;
				GCC_OPTIMIZATION_LEVEL = 0;
				GCC_PREPROCESSOR_DEFINITIONS = (
					"DEBUG=1",
					"$(inherited)",
				);
				GCC_WARN_64_TO_32_BIT_CONVERSION = YES;
				GCC_WARN_ABOUT_RETURN_TYPE = YES_ERROR;
				GCC_WARN_UNDECLARED_SELECTOR = YES;
				GCC_WARN_UNINITIALIZED_AUTOS = YES_AGGRESSIVE;
				GCC_WARN_UNUSED_FUNCTION = YES;
				GCC_WARN_UNUSED_VARIABLE = YES;
				IPHONEOS_DEPLOYMENT_TARGET = 13.2;
				MTL_ENABLE_DEBUG_INFO = INCLUDE_SOURCE;
				MTL_FAST_MATH = YES;
				ONLY_ACTIVE_ARCH = YES;
				SDKROOT = iphoneos;
				SWIFT_ACTIVE_COMPILATION_CONDITIONS = DEBUG;
				SWIFT_OPTIMIZATION_LEVEL = "-Onone";
			};
			name = Debug;
		};
		A03B13CB23DBFEB7001F25F7 /* Release */ = {
			isa = XCBuildConfiguration;
			buildSettings = {
				ALWAYS_SEARCH_USER_PATHS = NO;
				CLANG_ANALYZER_NONNULL = YES;
				CLANG_ANALYZER_NUMBER_OBJECT_CONVERSION = YES_AGGRESSIVE;
				CLANG_CXX_LANGUAGE_STANDARD = "gnu++14";
				CLANG_CXX_LIBRARY = "libc++";
				CLANG_ENABLE_MODULES = YES;
				CLANG_ENABLE_OBJC_ARC = YES;
				CLANG_ENABLE_OBJC_WEAK = YES;
				CLANG_WARN_BLOCK_CAPTURE_AUTORELEASING = YES;
				CLANG_WARN_BOOL_CONVERSION = YES;
				CLANG_WARN_COMMA = YES;
				CLANG_WARN_CONSTANT_CONVERSION = YES;
				CLANG_WARN_DEPRECATED_OBJC_IMPLEMENTATIONS = YES;
				CLANG_WARN_DIRECT_OBJC_ISA_USAGE = YES_ERROR;
				CLANG_WARN_DOCUMENTATION_COMMENTS = YES;
				CLANG_WARN_EMPTY_BODY = YES;
				CLANG_WARN_ENUM_CONVERSION = YES;
				CLANG_WARN_INFINITE_RECURSION = YES;
				CLANG_WARN_INT_CONVERSION = YES;
				CLANG_WARN_NON_LITERAL_NULL_CONVERSION = YES;
				CLANG_WARN_OBJC_IMPLICIT_RETAIN_SELF = YES;
				CLANG_WARN_OBJC_LITERAL_CONVERSION = YES;
				CLANG_WARN_OBJC_ROOT_CLASS = YES_ERROR;
				CLANG_WARN_RANGE_LOOP_ANALYSIS = YES;
				CLANG_WARN_STRICT_PROTOTYPES = YES;
				CLANG_WARN_SUSPICIOUS_MOVE = YES;
				CLANG_WARN_UNGUARDED_AVAILABILITY = YES_AGGRESSIVE;
				CLANG_WARN_UNREACHABLE_CODE = YES;
				CLANG_WARN__DUPLICATE_METHOD_MATCH = YES;
				COPY_PHASE_STRIP = NO;
				DEBUG_INFORMATION_FORMAT = "dwarf-with-dsym";
				ENABLE_NS_ASSERTIONS = NO;
				ENABLE_STRICT_OBJC_MSGSEND = YES;
				GCC_C_LANGUAGE_STANDARD = gnu11;
				GCC_NO_COMMON_BLOCKS = YES;
				GCC_WARN_64_TO_32_BIT_CONVERSION = YES;
				GCC_WARN_ABOUT_RETURN_TYPE = YES_ERROR;
				GCC_WARN_UNDECLARED_SELECTOR = YES;
				GCC_WARN_UNINITIALIZED_AUTOS = YES_AGGRESSIVE;
				GCC_WARN_UNUSED_FUNCTION = YES;
				GCC_WARN_UNUSED_VARIABLE = YES;
				IPHONEOS_DEPLOYMENT_TARGET = 13.2;
				MTL_ENABLE_DEBUG_INFO = NO;
				MTL_FAST_MATH = YES;
				SDKROOT = iphoneos;
				SWIFT_COMPILATION_MODE = wholemodule;
				SWIFT_OPTIMIZATION_LEVEL = "-O";
				VALIDATE_PRODUCT = YES;
			};
			name = Release;
		};
		A03B13CD23DBFEB7001F25F7 /* Debug */ = {
			isa = XCBuildConfiguration;
			baseConfigurationReference = 7E0FCB933AF020109DEC4E0E /* Pods-NewsViper.debug.xcconfig */;
			buildSettings = {
				ASSETCATALOG_COMPILER_APPICON_NAME = AppIcon;
				CODE_SIGN_STYLE = Automatic;
				DEVELOPMENT_TEAM = 5Z8Q4W79GW;
				INFOPLIST_FILE = NewsViper/Info.plist;
				LD_RUNPATH_SEARCH_PATHS = (
					"$(inherited)",
					"@executable_path/Frameworks",
				);
				PRODUCT_BUNDLE_IDENTIFIER = com.rakuten.NewsViper;
				PRODUCT_NAME = "$(TARGET_NAME)";
				SWIFT_VERSION = 5.0;
				TARGETED_DEVICE_FAMILY = "1,2";
			};
			name = Debug;
		};
		A03B13CE23DBFEB7001F25F7 /* Release */ = {
			isa = XCBuildConfiguration;
			baseConfigurationReference = 21EFC6726662D8D8446994C6 /* Pods-NewsViper.release.xcconfig */;
			buildSettings = {
				ASSETCATALOG_COMPILER_APPICON_NAME = AppIcon;
				CODE_SIGN_STYLE = Automatic;
				DEVELOPMENT_TEAM = 5Z8Q4W79GW;
				INFOPLIST_FILE = NewsViper/Info.plist;
				LD_RUNPATH_SEARCH_PATHS = (
					"$(inherited)",
					"@executable_path/Frameworks",
				);
				PRODUCT_BUNDLE_IDENTIFIER = com.rakuten.NewsViper;
				PRODUCT_NAME = "$(TARGET_NAME)";
				SWIFT_VERSION = 5.0;
				TARGETED_DEVICE_FAMILY = "1,2";
			};
			name = Release;
		};
		A03B13D023DBFEB7001F25F7 /* Debug */ = {
			isa = XCBuildConfiguration;
			baseConfigurationReference = EB2E258AB3C1F086A205A8C3 /* Pods-NewsViperTests.debug.xcconfig */;
			buildSettings = {
				ALWAYS_EMBED_SWIFT_STANDARD_LIBRARIES = YES;
				BUNDLE_LOADER = "$(TEST_HOST)";
				CODE_SIGN_STYLE = Automatic;
				DEVELOPMENT_TEAM = 5Z8Q4W79GW;
				INFOPLIST_FILE = NewsViperTests/Info.plist;
				IPHONEOS_DEPLOYMENT_TARGET = 13.2;
				LD_RUNPATH_SEARCH_PATHS = (
					"$(inherited)",
					"@executable_path/Frameworks",
					"@loader_path/Frameworks",
				);
				PRODUCT_BUNDLE_IDENTIFIER = com.rakuten.NewsViperTests;
				PRODUCT_NAME = "$(TARGET_NAME)";
				SWIFT_VERSION = 5.0;
				TARGETED_DEVICE_FAMILY = "1,2";
				TEST_HOST = "$(BUILT_PRODUCTS_DIR)/NewsViper.app/NewsViper";
			};
			name = Debug;
		};
		A03B13D123DBFEB7001F25F7 /* Release */ = {
			isa = XCBuildConfiguration;
			baseConfigurationReference = F81E55E8FF59C68BAC5B9FCE /* Pods-NewsViperTests.release.xcconfig */;
			buildSettings = {
				ALWAYS_EMBED_SWIFT_STANDARD_LIBRARIES = YES;
				BUNDLE_LOADER = "$(TEST_HOST)";
				CODE_SIGN_STYLE = Automatic;
				DEVELOPMENT_TEAM = 5Z8Q4W79GW;
				INFOPLIST_FILE = NewsViperTests/Info.plist;
				IPHONEOS_DEPLOYMENT_TARGET = 13.2;
				LD_RUNPATH_SEARCH_PATHS = (
					"$(inherited)",
					"@executable_path/Frameworks",
					"@loader_path/Frameworks",
				);
				PRODUCT_BUNDLE_IDENTIFIER = com.rakuten.NewsViperTests;
				PRODUCT_NAME = "$(TARGET_NAME)";
				SWIFT_VERSION = 5.0;
				TARGETED_DEVICE_FAMILY = "1,2";
				TEST_HOST = "$(BUILT_PRODUCTS_DIR)/NewsViper.app/NewsViper";
			};
			name = Release;
		};
		A03B13D323DBFEB7001F25F7 /* Debug */ = {
			isa = XCBuildConfiguration;
			baseConfigurationReference = 5185573CA150AFFF1103381C /* Pods-NewsViper-NewsViperUITests.debug.xcconfig */;
			buildSettings = {
				ALWAYS_EMBED_SWIFT_STANDARD_LIBRARIES = YES;
				CODE_SIGN_STYLE = Automatic;
				DEVELOPMENT_TEAM = 5Z8Q4W79GW;
				INFOPLIST_FILE = NewsViperUITests/Info.plist;
				LD_RUNPATH_SEARCH_PATHS = (
					"$(inherited)",
					"@executable_path/Frameworks",
					"@loader_path/Frameworks",
				);
				PRODUCT_BUNDLE_IDENTIFIER = com.rakuten.NewsViperUITests;
				PRODUCT_NAME = "$(TARGET_NAME)";
				SWIFT_VERSION = 5.0;
				TARGETED_DEVICE_FAMILY = "1,2";
				TEST_TARGET_NAME = NewsViper;
			};
			name = Debug;
		};
		A03B13D423DBFEB7001F25F7 /* Release */ = {
			isa = XCBuildConfiguration;
			baseConfigurationReference = 59F26C3EB63254A580B73A41 /* Pods-NewsViper-NewsViperUITests.release.xcconfig */;
			buildSettings = {
				ALWAYS_EMBED_SWIFT_STANDARD_LIBRARIES = YES;
				CODE_SIGN_STYLE = Automatic;
				DEVELOPMENT_TEAM = 5Z8Q4W79GW;
				INFOPLIST_FILE = NewsViperUITests/Info.plist;
				LD_RUNPATH_SEARCH_PATHS = (
					"$(inherited)",
					"@executable_path/Frameworks",
					"@loader_path/Frameworks",
				);
				PRODUCT_BUNDLE_IDENTIFIER = com.rakuten.NewsViperUITests;
				PRODUCT_NAME = "$(TARGET_NAME)";
				SWIFT_VERSION = 5.0;
				TARGETED_DEVICE_FAMILY = "1,2";
				TEST_TARGET_NAME = NewsViper;
			};
			name = Release;
		};
/* End XCBuildConfiguration section */

/* Begin XCConfigurationList section */
		A03B139D23DBFEB5001F25F7 /* Build configuration list for PBXProject "NewsViper" */ = {
			isa = XCConfigurationList;
			buildConfigurations = (
				A03B13CA23DBFEB7001F25F7 /* Debug */,
				A03B13CB23DBFEB7001F25F7 /* Release */,
			);
			defaultConfigurationIsVisible = 0;
			defaultConfigurationName = Release;
		};
		A03B13CC23DBFEB7001F25F7 /* Build configuration list for PBXNativeTarget "NewsViper" */ = {
			isa = XCConfigurationList;
			buildConfigurations = (
				A03B13CD23DBFEB7001F25F7 /* Debug */,
				A03B13CE23DBFEB7001F25F7 /* Release */,
			);
			defaultConfigurationIsVisible = 0;
			defaultConfigurationName = Release;
		};
		A03B13CF23DBFEB7001F25F7 /* Build configuration list for PBXNativeTarget "NewsViperTests" */ = {
			isa = XCConfigurationList;
			buildConfigurations = (
				A03B13D023DBFEB7001F25F7 /* Debug */,
				A03B13D123DBFEB7001F25F7 /* Release */,
			);
			defaultConfigurationIsVisible = 0;
			defaultConfigurationName = Release;
		};
		A03B13D223DBFEB7001F25F7 /* Build configuration list for PBXNativeTarget "NewsViperUITests" */ = {
			isa = XCConfigurationList;
			buildConfigurations = (
				A03B13D323DBFEB7001F25F7 /* Debug */,
				A03B13D423DBFEB7001F25F7 /* Release */,
			);
			defaultConfigurationIsVisible = 0;
			defaultConfigurationName = Release;
		};
/* End XCConfigurationList section */
	};
	rootObject = A03B139A23DBFEB5001F25F7 /* Project object */;
}
